// !$*UTF8*$!
{
	archiveVersion = 1;
	classes = {
	};
	objectVersion = 46;
	objects = {

/* Begin PBXBuildFile section */
		E37395401674E0BC0037D62C /* UIKit.framework in Frameworks */ = {isa = PBXBuildFile; fileRef = E373953F1674E0BC0037D62C /* UIKit.framework */; };
		E37395421674E0BC0037D62C /* Foundation.framework in Frameworks */ = {isa = PBXBuildFile; fileRef = E37395411674E0BC0037D62C /* Foundation.framework */; };
		E37395441674E0BC0037D62C /* CoreGraphics.framework in Frameworks */ = {isa = PBXBuildFile; fileRef = E37395431674E0BC0037D62C /* CoreGraphics.framework */; };
		E373954A1674E0BC0037D62C /* InfoPlist.strings in Resources */ = {isa = PBXBuildFile; fileRef = E37395481674E0BC0037D62C /* InfoPlist.strings */; };
		E373954C1674E0BC0037D62C /* main.m in Sources */ = {isa = PBXBuildFile; fileRef = E373954B1674E0BC0037D62C /* main.m */; };
		E37395501674E0BC0037D62C /* GQAppDelegate.m in Sources */ = {isa = PBXBuildFile; fileRef = E373954F1674E0BC0037D62C /* GQAppDelegate.m */; };
		E37395521674E0BC0037D62C /* Default.png in Resources */ = {isa = PBXBuildFile; fileRef = E37395511674E0BC0037D62C /* Default.png */; };
		E37395541674E0BC0037D62C /* Default@2x.png in Resources */ = {isa = PBXBuildFile; fileRef = E37395531674E0BC0037D62C /* Default@2x.png */; };
		E37395561674E0BC0037D62C /* Default-568h@2x.png in Resources */ = {isa = PBXBuildFile; fileRef = E37395551674E0BC0037D62C /* Default-568h@2x.png */; };
		E373955E1674E0BC0037D62C /* SenTestingKit.framework in Frameworks */ = {isa = PBXBuildFile; fileRef = E373955D1674E0BC0037D62C /* SenTestingKit.framework */; };
		E373955F1674E0BC0037D62C /* UIKit.framework in Frameworks */ = {isa = PBXBuildFile; fileRef = E373953F1674E0BC0037D62C /* UIKit.framework */; };
		E37395601674E0BC0037D62C /* Foundation.framework in Frameworks */ = {isa = PBXBuildFile; fileRef = E37395411674E0BC0037D62C /* Foundation.framework */; };
		E37395681674E0BC0037D62C /* InfoPlist.strings in Resources */ = {isa = PBXBuildFile; fileRef = E37395661674E0BC0037D62C /* InfoPlist.strings */; };
		E373956B1674E0BC0037D62C /* GQDataContrllerTests.m in Sources */ = {isa = PBXBuildFile; fileRef = E373956A1674E0BC0037D62C /* GQDataContrllerTests.m */; };
		E373957A1674E4160037D62C /* GQDataController.m in Sources */ = {isa = PBXBuildFile; fileRef = E37395791674E4160037D62C /* GQDataController.m */; };
		E373957B1674E4160037D62C /* GQDataController.m in Sources */ = {isa = PBXBuildFile; fileRef = E37395791674E4160037D62C /* GQDataController.m */; };
		E3D1FB38168EB5BD00604417 /* GQDemoDataController.m in Sources */ = {isa = PBXBuildFile; fileRef = E3D1FB37168EB5BD00604417 /* GQDemoDataController.m */; };
		E3D1FB39168EB5BD00604417 /* GQDemoDataController.m in Sources */ = {isa = PBXBuildFile; fileRef = E3D1FB37168EB5BD00604417 /* GQDemoDataController.m */; };
		E3F2F0F116762D830035F843 /* AFHTTPClient.m in Sources */ = {isa = PBXBuildFile; fileRef = E3F2F0DF16762D830035F843 /* AFHTTPClient.m */; };
		E3F2F0F216762D830035F843 /* AFHTTPClient.m in Sources */ = {isa = PBXBuildFile; fileRef = E3F2F0DF16762D830035F843 /* AFHTTPClient.m */; };
		E3F2F0F316762D830035F843 /* AFHTTPRequestOperation.m in Sources */ = {isa = PBXBuildFile; fileRef = E3F2F0E116762D830035F843 /* AFHTTPRequestOperation.m */; };
		E3F2F0F416762D830035F843 /* AFHTTPRequestOperation.m in Sources */ = {isa = PBXBuildFile; fileRef = E3F2F0E116762D830035F843 /* AFHTTPRequestOperation.m */; };
		E3F2F0F516762D830035F843 /* AFImageRequestOperation.m in Sources */ = {isa = PBXBuildFile; fileRef = E3F2F0E316762D830035F843 /* AFImageRequestOperation.m */; };
		E3F2F0F616762D830035F843 /* AFImageRequestOperation.m in Sources */ = {isa = PBXBuildFile; fileRef = E3F2F0E316762D830035F843 /* AFImageRequestOperation.m */; };
		E3F2F0F716762D830035F843 /* AFJSONRequestOperation.m in Sources */ = {isa = PBXBuildFile; fileRef = E3F2F0E516762D830035F843 /* AFJSONRequestOperation.m */; };
		E3F2F0F816762D830035F843 /* AFJSONRequestOperation.m in Sources */ = {isa = PBXBuildFile; fileRef = E3F2F0E516762D830035F843 /* AFJSONRequestOperation.m */; };
		E3F2F0F916762D830035F843 /* AFNetworkActivityIndicatorManager.m in Sources */ = {isa = PBXBuildFile; fileRef = E3F2F0E716762D830035F843 /* AFNetworkActivityIndicatorManager.m */; };
		E3F2F0FA16762D830035F843 /* AFNetworkActivityIndicatorManager.m in Sources */ = {isa = PBXBuildFile; fileRef = E3F2F0E716762D830035F843 /* AFNetworkActivityIndicatorManager.m */; };
		E3F2F0FB16762D830035F843 /* AFPropertyListRequestOperation.m in Sources */ = {isa = PBXBuildFile; fileRef = E3F2F0EA16762D830035F843 /* AFPropertyListRequestOperation.m */; };
		E3F2F0FC16762D830035F843 /* AFPropertyListRequestOperation.m in Sources */ = {isa = PBXBuildFile; fileRef = E3F2F0EA16762D830035F843 /* AFPropertyListRequestOperation.m */; };
		E3F2F0FD16762D830035F843 /* AFURLConnectionOperation.m in Sources */ = {isa = PBXBuildFile; fileRef = E3F2F0EC16762D830035F843 /* AFURLConnectionOperation.m */; };
		E3F2F0FE16762D830035F843 /* AFURLConnectionOperation.m in Sources */ = {isa = PBXBuildFile; fileRef = E3F2F0EC16762D830035F843 /* AFURLConnectionOperation.m */; };
		E3F2F0FF16762D830035F843 /* AFXMLRequestOperation.m in Sources */ = {isa = PBXBuildFile; fileRef = E3F2F0EE16762D830035F843 /* AFXMLRequestOperation.m */; };
		E3F2F10016762D830035F843 /* AFXMLRequestOperation.m in Sources */ = {isa = PBXBuildFile; fileRef = E3F2F0EE16762D830035F843 /* AFXMLRequestOperation.m */; };
		E3F2F10116762D830035F843 /* UIImageView+AFNetworking.m in Sources */ = {isa = PBXBuildFile; fileRef = E3F2F0F016762D830035F843 /* UIImageView+AFNetworking.m */; };
		E3F2F10216762D830035F843 /* UIImageView+AFNetworking.m in Sources */ = {isa = PBXBuildFile; fileRef = E3F2F0F016762D830035F843 /* UIImageView+AFNetworking.m */; };
/* End PBXBuildFile section */

/* Begin PBXContainerItemProxy section */
		E37395611674E0BC0037D62C /* PBXContainerItemProxy */ = {
			isa = PBXContainerItemProxy;
			containerPortal = E37395321674E0BC0037D62C /* Project object */;
			proxyType = 1;
			remoteGlobalIDString = E373953A1674E0BC0037D62C;
			remoteInfo = GQDataContrller;
		};
/* End PBXContainerItemProxy section */

/* Begin PBXFileReference section */
		E373953B1674E0BC0037D62C /* GQDataContrller.app */ = {isa = PBXFileReference; explicitFileType = wrapper.application; includeInIndex = 0; path = GQDataContrller.app; sourceTree = BUILT_PRODUCTS_DIR; };
		E373953F1674E0BC0037D62C /* UIKit.framework */ = {isa = PBXFileReference; lastKnownFileType = wrapper.framework; name = UIKit.framework; path = System/Library/Frameworks/UIKit.framework; sourceTree = SDKROOT; };
		E37395411674E0BC0037D62C /* Foundation.framework */ = {isa = PBXFileReference; lastKnownFileType = wrapper.framework; name = Foundation.framework; path = System/Library/Frameworks/Foundation.framework; sourceTree = SDKROOT; };
		E37395431674E0BC0037D62C /* CoreGraphics.framework */ = {isa = PBXFileReference; lastKnownFileType = wrapper.framework; name = CoreGraphics.framework; path = System/Library/Frameworks/CoreGraphics.framework; sourceTree = SDKROOT; };
		E37395471674E0BC0037D62C /* GQDataContrller-Info.plist */ = {isa = PBXFileReference; lastKnownFileType = text.plist.xml; path = "GQDataContrller-Info.plist"; sourceTree = "<group>"; };
		E37395491674E0BC0037D62C /* en */ = {isa = PBXFileReference; lastKnownFileType = text.plist.strings; name = en; path = en.lproj/InfoPlist.strings; sourceTree = "<group>"; };
		E373954B1674E0BC0037D62C /* main.m */ = {isa = PBXFileReference; lastKnownFileType = sourcecode.c.objc; path = main.m; sourceTree = "<group>"; };
		E373954D1674E0BC0037D62C /* GQDataContrller-Prefix.pch */ = {isa = PBXFileReference; lastKnownFileType = sourcecode.c.h; path = "GQDataContrller-Prefix.pch"; sourceTree = "<group>"; };
		E373954E1674E0BC0037D62C /* GQAppDelegate.h */ = {isa = PBXFileReference; lastKnownFileType = sourcecode.c.h; path = GQAppDelegate.h; sourceTree = "<group>"; };
		E373954F1674E0BC0037D62C /* GQAppDelegate.m */ = {isa = PBXFileReference; lastKnownFileType = sourcecode.c.objc; path = GQAppDelegate.m; sourceTree = "<group>"; };
		E37395511674E0BC0037D62C /* Default.png */ = {isa = PBXFileReference; lastKnownFileType = image.png; path = Default.png; sourceTree = "<group>"; };
		E37395531674E0BC0037D62C /* Default@2x.png */ = {isa = PBXFileReference; lastKnownFileType = image.png; path = "Default@2x.png"; sourceTree = "<group>"; };
		E37395551674E0BC0037D62C /* Default-568h@2x.png */ = {isa = PBXFileReference; lastKnownFileType = image.png; path = "Default-568h@2x.png"; sourceTree = "<group>"; };
		E373955C1674E0BC0037D62C /* GQDataContrllerTests.octest */ = {isa = PBXFileReference; explicitFileType = wrapper.cfbundle; includeInIndex = 0; path = GQDataContrllerTests.octest; sourceTree = BUILT_PRODUCTS_DIR; };
		E373955D1674E0BC0037D62C /* SenTestingKit.framework */ = {isa = PBXFileReference; lastKnownFileType = wrapper.framework; name = SenTestingKit.framework; path = Library/Frameworks/SenTestingKit.framework; sourceTree = DEVELOPER_DIR; };
		E37395651674E0BC0037D62C /* GQDataContrllerTests-Info.plist */ = {isa = PBXFileReference; lastKnownFileType = text.plist.xml; path = "GQDataContrllerTests-Info.plist"; sourceTree = "<group>"; };
		E37395671674E0BC0037D62C /* en */ = {isa = PBXFileReference; lastKnownFileType = text.plist.strings; name = en; path = en.lproj/InfoPlist.strings; sourceTree = "<group>"; };
		E37395691674E0BC0037D62C /* GQDataContrllerTests.h */ = {isa = PBXFileReference; lastKnownFileType = sourcecode.c.h; path = GQDataContrllerTests.h; sourceTree = "<group>"; };
		E373956A1674E0BC0037D62C /* GQDataContrllerTests.m */ = {isa = PBXFileReference; lastKnownFileType = sourcecode.c.objc; path = GQDataContrllerTests.m; sourceTree = "<group>"; };
		E37395781674E4160037D62C /* GQDataController.h */ = {isa = PBXFileReference; fileEncoding = 4; lastKnownFileType = sourcecode.c.h; path = GQDataController.h; sourceTree = "<group>"; };
		E37395791674E4160037D62C /* GQDataController.m */ = {isa = PBXFileReference; fileEncoding = 4; lastKnownFileType = sourcecode.c.objc; path = GQDataController.m; sourceTree = "<group>"; };
		E3D1FB36168EB5BD00604417 /* GQDemoDataController.h */ = {isa = PBXFileReference; fileEncoding = 4; lastKnownFileType = sourcecode.c.h; path = GQDemoDataController.h; sourceTree = "<group>"; };
		E3D1FB37168EB5BD00604417 /* GQDemoDataController.m */ = {isa = PBXFileReference; fileEncoding = 4; lastKnownFileType = sourcecode.c.objc; path = GQDemoDataController.m; sourceTree = "<group>"; };
		E3F2F0DE16762D830035F843 /* AFHTTPClient.h */ = {isa = PBXFileReference; fileEncoding = 4; lastKnownFileType = sourcecode.c.h; path = AFHTTPClient.h; sourceTree = "<group>"; };
		E3F2F0DF16762D830035F843 /* AFHTTPClient.m */ = {isa = PBXFileReference; fileEncoding = 4; lastKnownFileType = sourcecode.c.objc; path = AFHTTPClient.m; sourceTree = "<group>"; };
		E3F2F0E016762D830035F843 /* AFHTTPRequestOperation.h */ = {isa = PBXFileReference; fileEncoding = 4; lastKnownFileType = sourcecode.c.h; path = AFHTTPRequestOperation.h; sourceTree = "<group>"; };
		E3F2F0E116762D830035F843 /* AFHTTPRequestOperation.m */ = {isa = PBXFileReference; fileEncoding = 4; lastKnownFileType = sourcecode.c.objc; path = AFHTTPRequestOperation.m; sourceTree = "<group>"; };
		E3F2F0E216762D830035F843 /* AFImageRequestOperation.h */ = {isa = PBXFileReference; fileEncoding = 4; lastKnownFileType = sourcecode.c.h; path = AFImageRequestOperation.h; sourceTree = "<group>"; };
		E3F2F0E316762D830035F843 /* AFImageRequestOperation.m */ = {isa = PBXFileReference; fileEncoding = 4; lastKnownFileType = sourcecode.c.objc; path = AFImageRequestOperation.m; sourceTree = "<group>"; };
		E3F2F0E416762D830035F843 /* AFJSONRequestOperation.h */ = {isa = PBXFileReference; fileEncoding = 4; lastKnownFileType = sourcecode.c.h; path = AFJSONRequestOperation.h; sourceTree = "<group>"; };
		E3F2F0E516762D830035F843 /* AFJSONRequestOperation.m */ = {isa = PBXFileReference; fileEncoding = 4; lastKnownFileType = sourcecode.c.objc; path = AFJSONRequestOperation.m; sourceTree = "<group>"; };
		E3F2F0E616762D830035F843 /* AFNetworkActivityIndicatorManager.h */ = {isa = PBXFileReference; fileEncoding = 4; lastKnownFileType = sourcecode.c.h; path = AFNetworkActivityIndicatorManager.h; sourceTree = "<group>"; };
		E3F2F0E716762D830035F843 /* AFNetworkActivityIndicatorManager.m */ = {isa = PBXFileReference; fileEncoding = 4; lastKnownFileType = sourcecode.c.objc; path = AFNetworkActivityIndicatorManager.m; sourceTree = "<group>"; };
		E3F2F0E816762D830035F843 /* AFNetworking.h */ = {isa = PBXFileReference; fileEncoding = 4; lastKnownFileType = sourcecode.c.h; path = AFNetworking.h; sourceTree = "<group>"; };
		E3F2F0E916762D830035F843 /* AFPropertyListRequestOperation.h */ = {isa = PBXFileReference; fileEncoding = 4; lastKnownFileType = sourcecode.c.h; path = AFPropertyListRequestOperation.h; sourceTree = "<group>"; };
		E3F2F0EA16762D830035F843 /* AFPropertyListRequestOperation.m */ = {isa = PBXFileReference; fileEncoding = 4; lastKnownFileType = sourcecode.c.objc; path = AFPropertyListRequestOperation.m; sourceTree = "<group>"; };
		E3F2F0EB16762D830035F843 /* AFURLConnectionOperation.h */ = {isa = PBXFileReference; fileEncoding = 4; lastKnownFileType = sourcecode.c.h; path = AFURLConnectionOperation.h; sourceTree = "<group>"; };
		E3F2F0EC16762D830035F843 /* AFURLConnectionOperation.m */ = {isa = PBXFileReference; fileEncoding = 4; lastKnownFileType = sourcecode.c.objc; path = AFURLConnectionOperation.m; sourceTree = "<group>"; };
		E3F2F0ED16762D830035F843 /* AFXMLRequestOperation.h */ = {isa = PBXFileReference; fileEncoding = 4; lastKnownFileType = sourcecode.c.h; path = AFXMLRequestOperation.h; sourceTree = "<group>"; };
		E3F2F0EE16762D830035F843 /* AFXMLRequestOperation.m */ = {isa = PBXFileReference; fileEncoding = 4; lastKnownFileType = sourcecode.c.objc; path = AFXMLRequestOperation.m; sourceTree = "<group>"; };
		E3F2F0EF16762D830035F843 /* UIImageView+AFNetworking.h */ = {isa = PBXFileReference; fileEncoding = 4; lastKnownFileType = sourcecode.c.h; path = "UIImageView+AFNetworking.h"; sourceTree = "<group>"; };
		E3F2F0F016762D830035F843 /* UIImageView+AFNetworking.m */ = {isa = PBXFileReference; fileEncoding = 4; lastKnownFileType = sourcecode.c.objc; path = "UIImageView+AFNetworking.m"; sourceTree = "<group>"; };
/* End PBXFileReference section */

/* Begin PBXFrameworksBuildPhase section */
		E37395381674E0BC0037D62C /* Frameworks */ = {
			isa = PBXFrameworksBuildPhase;
			buildActionMask = 2147483647;
			files = (
				E37395401674E0BC0037D62C /* UIKit.framework in Frameworks */,
				E37395421674E0BC0037D62C /* Foundation.framework in Frameworks */,
				E37395441674E0BC0037D62C /* CoreGraphics.framework in Frameworks */,
			);
			runOnlyForDeploymentPostprocessing = 0;
		};
		E37395581674E0BC0037D62C /* Frameworks */ = {
			isa = PBXFrameworksBuildPhase;
			buildActionMask = 2147483647;
			files = (
				E373955E1674E0BC0037D62C /* SenTestingKit.framework in Frameworks */,
				E373955F1674E0BC0037D62C /* UIKit.framework in Frameworks */,
				E37395601674E0BC0037D62C /* Foundation.framework in Frameworks */,
			);
			runOnlyForDeploymentPostprocessing = 0;
		};
/* End PBXFrameworksBuildPhase section */

/* Begin PBXGroup section */
		E37395301674E0BC0037D62C = {
			isa = PBXGroup;
			children = (
				E3F2F0DD16762D830035F843 /* AFNetworking */,
				E37395771674E3F20037D62C /* SourceCode */,
				E37395451674E0BC0037D62C /* GQDataContrller */,
				E37395631674E0BC0037D62C /* GQDataContrllerTests */,
				E373953E1674E0BC0037D62C /* Frameworks */,
				E373953C1674E0BC0037D62C /* Products */,
			);
			sourceTree = "<group>";
		};
		E373953C1674E0BC0037D62C /* Products */ = {
			isa = PBXGroup;
			children = (
				E373953B1674E0BC0037D62C /* GQDataContrller.app */,
				E373955C1674E0BC0037D62C /* GQDataContrllerTests.octest */,
			);
			name = Products;
			sourceTree = "<group>";
		};
		E373953E1674E0BC0037D62C /* Frameworks */ = {
			isa = PBXGroup;
			children = (
				E373953F1674E0BC0037D62C /* UIKit.framework */,
				E37395411674E0BC0037D62C /* Foundation.framework */,
				E37395431674E0BC0037D62C /* CoreGraphics.framework */,
				E373955D1674E0BC0037D62C /* SenTestingKit.framework */,
			);
			name = Frameworks;
			sourceTree = "<group>";
		};
		E37395451674E0BC0037D62C /* GQDataContrller */ = {
			isa = PBXGroup;
			children = (
				E37395461674E0BC0037D62C /* Supporting Files */,
				E373954E1674E0BC0037D62C /* GQAppDelegate.h */,
				E373954F1674E0BC0037D62C /* GQAppDelegate.m */,
				E3D1FB36168EB5BD00604417 /* GQDemoDataController.h */,
				E3D1FB37168EB5BD00604417 /* GQDemoDataController.m */,
			);
			path = GQDataContrller;
			sourceTree = "<group>";
		};
		E37395461674E0BC0037D62C /* Supporting Files */ = {
			isa = PBXGroup;
			children = (
				E37395471674E0BC0037D62C /* GQDataContrller-Info.plist */,
				E37395481674E0BC0037D62C /* InfoPlist.strings */,
				E373954B1674E0BC0037D62C /* main.m */,
				E373954D1674E0BC0037D62C /* GQDataContrller-Prefix.pch */,
				E37395511674E0BC0037D62C /* Default.png */,
				E37395531674E0BC0037D62C /* Default@2x.png */,
				E37395551674E0BC0037D62C /* Default-568h@2x.png */,
			);
			name = "Supporting Files";
			sourceTree = "<group>";
		};
		E37395631674E0BC0037D62C /* GQDataContrllerTests */ = {
			isa = PBXGroup;
			children = (
				E37395691674E0BC0037D62C /* GQDataContrllerTests.h */,
				E373956A1674E0BC0037D62C /* GQDataContrllerTests.m */,
				E37395641674E0BC0037D62C /* Supporting Files */,
			);
			path = GQDataContrllerTests;
			sourceTree = "<group>";
		};
		E37395641674E0BC0037D62C /* Supporting Files */ = {
			isa = PBXGroup;
			children = (
				E37395651674E0BC0037D62C /* GQDataContrllerTests-Info.plist */,
				E37395661674E0BC0037D62C /* InfoPlist.strings */,
			);
			name = "Supporting Files";
			sourceTree = "<group>";
		};
		E37395771674E3F20037D62C /* SourceCode */ = {
			isa = PBXGroup;
			children = (
				E37395781674E4160037D62C /* GQDataController.h */,
				E37395791674E4160037D62C /* GQDataController.m */,
			);
			path = SourceCode;
			sourceTree = "<group>";
		};
		E3F2F0DD16762D830035F843 /* AFNetworking */ = {
			isa = PBXGroup;
			children = (
				E3F2F0DE16762D830035F843 /* AFHTTPClient.h */,
				E3F2F0DF16762D830035F843 /* AFHTTPClient.m */,
				E3F2F0E016762D830035F843 /* AFHTTPRequestOperation.h */,
				E3F2F0E116762D830035F843 /* AFHTTPRequestOperation.m */,
				E3F2F0E216762D830035F843 /* AFImageRequestOperation.h */,
				E3F2F0E316762D830035F843 /* AFImageRequestOperation.m */,
				E3F2F0E416762D830035F843 /* AFJSONRequestOperation.h */,
				E3F2F0E516762D830035F843 /* AFJSONRequestOperation.m */,
				E3F2F0E616762D830035F843 /* AFNetworkActivityIndicatorManager.h */,
				E3F2F0E716762D830035F843 /* AFNetworkActivityIndicatorManager.m */,
				E3F2F0E816762D830035F843 /* AFNetworking.h */,
				E3F2F0E916762D830035F843 /* AFPropertyListRequestOperation.h */,
				E3F2F0EA16762D830035F843 /* AFPropertyListRequestOperation.m */,
				E3F2F0EB16762D830035F843 /* AFURLConnectionOperation.h */,
				E3F2F0EC16762D830035F843 /* AFURLConnectionOperation.m */,
				E3F2F0ED16762D830035F843 /* AFXMLRequestOperation.h */,
				E3F2F0EE16762D830035F843 /* AFXMLRequestOperation.m */,
				E3F2F0EF16762D830035F843 /* UIImageView+AFNetworking.h */,
				E3F2F0F016762D830035F843 /* UIImageView+AFNetworking.m */,
			);
			name = AFNetworking;
			path = ../AFNetworking/AFNetworking;
			sourceTree = "<group>";
		};
/* End PBXGroup section */

/* Begin PBXNativeTarget section */
		E373953A1674E0BC0037D62C /* GQDataContrller */ = {
			isa = PBXNativeTarget;
			buildConfigurationList = E373956E1674E0BC0037D62C /* Build configuration list for PBXNativeTarget "GQDataContrller" */;
			buildPhases = (
				E37395371674E0BC0037D62C /* Sources */,
				E37395381674E0BC0037D62C /* Frameworks */,
				E37395391674E0BC0037D62C /* Resources */,
			);
			buildRules = (
			);
			dependencies = (
			);
			name = GQDataContrller;
			productName = GQDataContrller;
			productReference = E373953B1674E0BC0037D62C /* GQDataContrller.app */;
			productType = "com.apple.product-type.application";
		};
		E373955B1674E0BC0037D62C /* GQDataContrllerTests */ = {
			isa = PBXNativeTarget;
			buildConfigurationList = E37395711674E0BC0037D62C /* Build configuration list for PBXNativeTarget "GQDataContrllerTests" */;
			buildPhases = (
				E37395571674E0BC0037D62C /* Sources */,
				E37395581674E0BC0037D62C /* Frameworks */,
				E37395591674E0BC0037D62C /* Resources */,
				E373955A1674E0BC0037D62C /* ShellScript */,
			);
			buildRules = (
			);
			dependencies = (
				E37395621674E0BC0037D62C /* PBXTargetDependency */,
			);
			name = GQDataContrllerTests;
			productName = GQDataContrllerTests;
			productReference = E373955C1674E0BC0037D62C /* GQDataContrllerTests.octest */;
			productType = "com.apple.product-type.bundle";
		};
/* End PBXNativeTarget section */

/* Begin PBXProject section */
		E37395321674E0BC0037D62C /* Project object */ = {
			isa = PBXProject;
			attributes = {
				CLASSPREFIX = GQ;
				LastUpgradeCheck = 0450;
				ORGANIZATIONNAME = "gonefish@gmail.com";
			};
			buildConfigurationList = E37395351674E0BC0037D62C /* Build configuration list for PBXProject "GQDataContrller" */;
			compatibilityVersion = "Xcode 3.2";
			developmentRegion = English;
			hasScannedForEncodings = 0;
			knownRegions = (
				en,
			);
			mainGroup = E37395301674E0BC0037D62C;
			productRefGroup = E373953C1674E0BC0037D62C /* Products */;
			projectDirPath = "";
			projectRoot = "";
			targets = (
				E373953A1674E0BC0037D62C /* GQDataContrller */,
				E373955B1674E0BC0037D62C /* GQDataContrllerTests */,
			);
		};
/* End PBXProject section */

/* Begin PBXResourcesBuildPhase section */
		E37395391674E0BC0037D62C /* Resources */ = {
			isa = PBXResourcesBuildPhase;
			buildActionMask = 2147483647;
			files = (
				E373954A1674E0BC0037D62C /* InfoPlist.strings in Resources */,
				E37395521674E0BC0037D62C /* Default.png in Resources */,
				E37395541674E0BC0037D62C /* Default@2x.png in Resources */,
				E37395561674E0BC0037D62C /* Default-568h@2x.png in Resources */,
			);
			runOnlyForDeploymentPostprocessing = 0;
		};
		E37395591674E0BC0037D62C /* Resources */ = {
			isa = PBXResourcesBuildPhase;
			buildActionMask = 2147483647;
			files = (
				E37395681674E0BC0037D62C /* InfoPlist.strings in Resources */,
			);
			runOnlyForDeploymentPostprocessing = 0;
		};
/* End PBXResourcesBuildPhase section */

/* Begin PBXShellScriptBuildPhase section */
		E373955A1674E0BC0037D62C /* ShellScript */ = {
			isa = PBXShellScriptBuildPhase;
			buildActionMask = 2147483647;
			files = (
			);
			inputPaths = (
			);
			outputPaths = (
			);
			runOnlyForDeploymentPostprocessing = 0;
			shellPath = /bin/sh;
			shellScript = "# Run the unit tests in this test bundle.\n\"${SYSTEM_DEVELOPER_DIR}/Tools/RunUnitTests\"\n";
		};
/* End PBXShellScriptBuildPhase section */

/* Begin PBXSourcesBuildPhase section */
		E37395371674E0BC0037D62C /* Sources */ = {
			isa = PBXSourcesBuildPhase;
			buildActionMask = 2147483647;
			files = (
				E373954C1674E0BC0037D62C /* main.m in Sources */,
				E37395501674E0BC0037D62C /* GQAppDelegate.m in Sources */,
				E373957A1674E4160037D62C /* GQDataController.m in Sources */,
				E3F2F0F116762D830035F843 /* AFHTTPClient.m in Sources */,
				E3F2F0F316762D830035F843 /* AFHTTPRequestOperation.m in Sources */,
				E3F2F0F516762D830035F843 /* AFImageRequestOperation.m in Sources */,
				E3F2F0F716762D830035F843 /* AFJSONRequestOperation.m in Sources */,
				E3F2F0F916762D830035F843 /* AFNetworkActivityIndicatorManager.m in Sources */,
				E3F2F0FB16762D830035F843 /* AFPropertyListRequestOperation.m in Sources */,
				E3F2F0FD16762D830035F843 /* AFURLConnectionOperation.m in Sources */,
				E3F2F0FF16762D830035F843 /* AFXMLRequestOperation.m in Sources */,
				E3F2F10116762D830035F843 /* UIImageView+AFNetworking.m in Sources */,
				E3D1FB38168EB5BD00604417 /* GQDemoDataController.m in Sources */,
			);
			runOnlyForDeploymentPostprocessing = 0;
		};
		E37395571674E0BC0037D62C /* Sources */ = {
			isa = PBXSourcesBuildPhase;
			buildActionMask = 2147483647;
			files = (
				E373956B1674E0BC0037D62C /* GQDataContrllerTests.m in Sources */,
				E373957B1674E4160037D62C /* GQDataController.m in Sources */,
				E3F2F0F216762D830035F843 /* AFHTTPClient.m in Sources */,
				E3F2F0F416762D830035F843 /* AFHTTPRequestOperation.m in Sources */,
				E3F2F0F616762D830035F843 /* AFImageRequestOperation.m in Sources */,
				E3F2F0F816762D830035F843 /* AFJSONRequestOperation.m in Sources */,
				E3F2F0FA16762D830035F843 /* AFNetworkActivityIndicatorManager.m in Sources */,
				E3F2F0FC16762D830035F843 /* AFPropertyListRequestOperation.m in Sources */,
				E3F2F0FE16762D830035F843 /* AFURLConnectionOperation.m in Sources */,
				E3F2F10016762D830035F843 /* AFXMLRequestOperation.m in Sources */,
				E3F2F10216762D830035F843 /* UIImageView+AFNetworking.m in Sources */,
				E3D1FB39168EB5BD00604417 /* GQDemoDataController.m in Sources */,
			);
			runOnlyForDeploymentPostprocessing = 0;
		};
/* End PBXSourcesBuildPhase section */

/* Begin PBXTargetDependency section */
		E37395621674E0BC0037D62C /* PBXTargetDependency */ = {
			isa = PBXTargetDependency;
			target = E373953A1674E0BC0037D62C /* GQDataContrller */;
			targetProxy = E37395611674E0BC0037D62C /* PBXContainerItemProxy */;
		};
/* End PBXTargetDependency section */

/* Begin PBXVariantGroup section */
		E37395481674E0BC0037D62C /* InfoPlist.strings */ = {
			isa = PBXVariantGroup;
			children = (
				E37395491674E0BC0037D62C /* en */,
			);
			name = InfoPlist.strings;
			sourceTree = "<group>";
		};
		E37395661674E0BC0037D62C /* InfoPlist.strings */ = {
			isa = PBXVariantGroup;
			children = (
				E37395671674E0BC0037D62C /* en */,
			);
			name = InfoPlist.strings;
			sourceTree = "<group>";
		};
/* End PBXVariantGroup section */

/* Begin XCBuildConfiguration section */
		E373956C1674E0BC0037D62C /* Debug */ = {
			isa = XCBuildConfiguration;
			buildSettings = {
				ALWAYS_SEARCH_USER_PATHS = NO;
				CLANG_CXX_LANGUAGE_STANDARD = "gnu++0x";
				CLANG_CXX_LIBRARY = "libc++";
				CLANG_ENABLE_OBJC_ARC = YES;
				CLANG_WARN_EMPTY_BODY = YES;
				CLANG_WARN__DUPLICATE_METHOD_MATCH = YES;
				"CODE_SIGN_IDENTITY[sdk=iphoneos*]" = "iPhone Developer";
				COPY_PHASE_STRIP = NO;
				GCC_C_LANGUAGE_STANDARD = gnu99;
				GCC_DYNAMIC_NO_PIC = NO;
				GCC_OPTIMIZATION_LEVEL = 0;
				GCC_PREPROCESSOR_DEFINITIONS = (
					"DEBUG=1",
					"$(inherited)",
				);
				GCC_SYMBOLS_PRIVATE_EXTERN = NO;
				GCC_WARN_ABOUT_RETURN_TYPE = YES;
				GCC_WARN_UNINITIALIZED_AUTOS = YES;
				GCC_WARN_UNUSED_VARIABLE = YES;
				IPHONEOS_DEPLOYMENT_TARGET = 5.0;
				ONLY_ACTIVE_ARCH = YES;
				SDKROOT = iphoneos;
			};
			name = Debug;
		};
		E373956D1674E0BC0037D62C /* Release */ = {
			isa = XCBuildConfiguration;
			buildSettings = {
				ALWAYS_SEARCH_USER_PATHS = NO;
				CLANG_CXX_LANGUAGE_STANDARD = "gnu++0x";
				CLANG_CXX_LIBRARY = "libc++";
				CLANG_ENABLE_OBJC_ARC = YES;
				CLANG_WARN_EMPTY_BODY = YES;
				CLANG_WARN__DUPLICATE_METHOD_MATCH = YES;
				"CODE_SIGN_IDENTITY[sdk=iphoneos*]" = "iPhone Developer";
				COPY_PHASE_STRIP = YES;
				GCC_C_LANGUAGE_STANDARD = gnu99;
				GCC_WARN_ABOUT_RETURN_TYPE = YES;
				GCC_WARN_UNINITIALIZED_AUTOS = YES;
				GCC_WARN_UNUSED_VARIABLE = YES;
				IPHONEOS_DEPLOYMENT_TARGET = 5.0;
				OTHER_CFLAGS = "-DNS_BLOCK_ASSERTIONS=1";
				SDKROOT = iphoneos;
				VALIDATE_PRODUCT = YES;
			};
			name = Release;
		};
		E373956F1674E0BC0037D62C /* Debug */ = {
			isa = XCBuildConfiguration;
			buildSettings = {
				GCC_PRECOMPILE_PREFIX_HEADER = YES;
				GCC_PREFIX_HEADER = "GQDataContrller/GQDataContrller-Prefix.pch";
				INFOPLIST_FILE = "GQDataContrller/GQDataContrller-Info.plist";
				PRODUCT_NAME = "$(TARGET_NAME)";
				WRAPPER_EXTENSION = app;
			};
			name = Debug;
		};
		E37395701674E0BC0037D62C /* Release */ = {
			isa = XCBuildConfiguration;
			buildSettings = {
				GCC_PRECOMPILE_PREFIX_HEADER = YES;
				GCC_PREFIX_HEADER = "GQDataContrller/GQDataContrller-Prefix.pch";
				INFOPLIST_FILE = "GQDataContrller/GQDataContrller-Info.plist";
				PRODUCT_NAME = "$(TARGET_NAME)";
				WRAPPER_EXTENSION = app;
			};
			name = Release;
		};
		E37395721674E0BC0037D62C /* Debug */ = {
			isa = XCBuildConfiguration;
			buildSettings = {
				BUNDLE_LOADER = "$(BUILT_PRODUCTS_DIR)/GQDataContrller.app/GQDataContrller";
				FRAMEWORK_SEARCH_PATHS = (
					"\"$(SDKROOT)/Developer/Library/Frameworks\"",
					"\"$(DEVELOPER_LIBRARY_DIR)/Frameworks\"",
				);
				GCC_PRECOMPILE_PREFIX_HEADER = YES;
				GCC_PREFIX_HEADER = "GQDataContrller/GQDataContrller-Prefix.pch";
				INFOPLIST_FILE = "GQDataContrllerTests/GQDataContrllerTests-Info.plist";
				PRODUCT_NAME = "$(TARGET_NAME)";
				TEST_HOST = "$(BUNDLE_LOADER)";
				WRAPPER_EXTENSION = octest;
			};
			name = Debug;
		};
		E37395731674E0BC0037D62C /* Release */ = {
			isa = XCBuildConfiguration;
			buildSettings = {
				BUNDLE_LOADER = "$(BUILT_PRODUCTS_DIR)/GQDataContrller.app/GQDataContrller";
				FRAMEWORK_SEARCH_PATHS = (
					"\"$(SDKROOT)/Developer/Library/Frameworks\"",
					"\"$(DEVELOPER_LIBRARY_DIR)/Frameworks\"",
				);
				GCC_PRECOMPILE_PREFIX_HEADER = YES;
				GCC_PREFIX_HEADER = "GQDataContrller/GQDataContrller-Prefix.pch";
				INFOPLIST_FILE = "GQDataContrllerTests/GQDataContrllerTests-Info.plist";
				PRODUCT_NAME = "$(TARGET_NAME)";
				TEST_HOST = "$(BUNDLE_LOADER)";
				WRAPPER_EXTENSION = octest;
			};
			name = Release;
		};
/* End XCBuildConfiguration section */

/* Begin XCConfigurationList section */
		E37395351674E0BC0037D62C /* Build configuration list for PBXProject "GQDataContrller" */ = {
			isa = XCConfigurationList;
			buildConfigurations = (
				E373956C1674E0BC0037D62C /* Debug */,
				E373956D1674E0BC0037D62C /* Release */,
			);
			defaultConfigurationIsVisible = 0;
			defaultConfigurationName = Release;
		};
		E373956E1674E0BC0037D62C /* Build configuration list for PBXNativeTarget "GQDataContrller" */ = {
			isa = XCConfigurationList;
			buildConfigurations = (
				E373956F1674E0BC0037D62C /* Debug */,
				E37395701674E0BC0037D62C /* Release */,
			);
			defaultConfigurationIsVisible = 0;
			defaultConfigurationName = Release;
		};
		E37395711674E0BC0037D62C /* Build configuration list for PBXNativeTarget "GQDataContrllerTests" */ = {
			isa = XCConfigurationList;
			buildConfigurations = (
				E37395721674E0BC0037D62C /* Debug */,
				E37395731674E0BC0037D62C /* Release */,
			);
			defaultConfigurationIsVisible = 0;
			defaultConfigurationName = Release;
		};
/* End XCConfigurationList section */
	};
	rootObject = E37395321674E0BC0037D62C /* Project object */;
}
