PODS:
  - AFNetworking (3.1.0):
    - AFNetworking/NSURLSession (= 3.1.0)
    - AFNetworking/Reachability (= 3.1.0)
    - AFNetworking/Security (= 3.1.0)
    - AFNetworking/Serialization (= 3.1.0)
    - AFNetworking/UIKit (= 3.1.0)
  - AFNetworking/NSURLSession (3.1.0):
    - AFNetworking/Reachability
    - AFNetworking/Security
    - AFNetworking/Serialization
  - AFNetworking/Reachability (3.1.0)
  - AFNetworking/Security (3.1.0)
  - AFNetworking/Serialization (3.1.0)
  - AFNetworking/UIKit (3.1.0):
    - AFNetworking/NSURLSession
  - GQDataController (0.8):
    - GQDataController/Default (= 0.8)
  - GQDataController/Core (0.8):
    - AFNetworking (~> 3.0)
    - OHHTTPStubs
  - GQDataController/Default (0.8):
    - GQDataController/Core
  - GQDataController/JSONModel (0.8):
    - GQDataController/Core
    - JSONModel
  - GQDataController/Mantle (0.8):
    - GQDataController/Core
    - Mantle
  - GQDataController/MJExtension (0.8):
    - GQDataController/Core
    - MJExtension
  - GQDataController/YYModel (0.8):
    - GQDataController/Core
    - YYModel
  - JSONModel (1.2.0)
  - Mantle (2.0.7):
    - Mantle/extobjc (= 2.0.7)
  - Mantle/extobjc (2.0.7)
  - MJExtension (3.0.11)
  - OCMock (3.3)
  - OHHTTPStubs (5.1.0):
    - OHHTTPStubs/Default (= 5.1.0)
  - OHHTTPStubs/Core (5.1.0)
  - OHHTTPStubs/Default (5.1.0):
    - OHHTTPStubs/Core
    - OHHTTPStubs/JSON
    - OHHTTPStubs/NSURLSession
    - OHHTTPStubs/OHPathHelpers
  - OHHTTPStubs/JSON (5.1.0):
    - OHHTTPStubs/Core
  - OHHTTPStubs/NSURLSession (5.1.0):
    - OHHTTPStubs/Core
  - OHHTTPStubs/OHPathHelpers (5.1.0)
  - YYModel (1.0.4)

DEPENDENCIES:
  - GQDataController (from `../`)
  - GQDataController/JSONModel (from `../`)
  - GQDataController/Mantle (from `../`)
  - GQDataController/MJExtension (from `../`)
  - GQDataController/YYModel (from `../`)
  - OCMock (~> 3.2)

EXTERNAL SOURCES:
  GQDataController:
    :path: ../

SPEC CHECKSUMS:
  AFNetworking: 5e0e199f73d8626b11e79750991f5d173d1f8b67
  GQDataController: dbb38da280bd113b0fcb351b1208b9b82f275146
  JSONModel: 12523685c4b623553ccf844bbbf7007624317b2c
  Mantle: bc40bb061d8c2c6fb48d5083e04d928c3b7f73d9
  MJExtension: f9ae6ddc0f1c482c3c9af750280ccebd14381958
  OCMock: d68685bde31f69cb61d518dcb39269080c78b5ed
  OHHTTPStubs: 592f74439d2d72615115cf99a954237a3fbe26e5
  YYModel: 2a7fdd96aaa4b86a824e26d0c517de8928c04b30

PODFILE CHECKSUM: 4becbdf1fb59a9e219ec82bad76720166639143b

COCOAPODS: 1.0.1
